<?xml version="1.0" encoding="utf-8"?>
<Project ToolsVersion="4.0" xmlns="http://schemas.microsoft.com/developer/msbuild/2003">
  <ItemGroup>
    <Filter Include="源文件">
      <UniqueIdentifier>{4FC737F1-C7A5-4376-A066-2A32D752A2FF}</UniqueIdentifier>
      <Extensions>cpp;c;cc;cxx;c++;cppm;ixx;def;odl;idl;hpj;bat;asm;asmx</Extensions>
    </Filter>
    <Filter Include="头文件">
      <UniqueIdentifier>{93995380-89BD-4b04-88EB-625FBE52EBFB}</UniqueIdentifier>
      <Extensions>h;hh;hpp;hxx;h++;hm;inl;inc;ipp;xsd</Extensions>
    </Filter>
    <Filter Include="资源文件">
      <UniqueIdentifier>{67DA6AB6-F800-4c08-8B7A-83BB121AAD01}</UniqueIdentifier>
      <Extensions>rc;ico;cur;bmp;dlg;rc2;rct;bin;rgs;gif;jpg;jpeg;jpe;resx;tiff;tif;png;wav;mfcribbon-ms</Extensions>
    </Filter>
    <Filter Include="源文件\测温">
      <UniqueIdentifier>{ce0f89d7-5d25-493a-9996-e4e1766f4c28}</UniqueIdentifier>
    </Filter>
    <Filter Include="源文件\拍照">
      <UniqueIdentifier>{98a3d205-9d11-4cab-af98-498f640ebceb}</UniqueIdentifier>
    </Filter>
    <Filter Include="源文件\成像">
      <UniqueIdentifier>{4f55c18f-68ca-42e3-b9d9-d4e767f0381d}</UniqueIdentifier>
    </Filter>
    <Filter Include="源文件\录像">
      <UniqueIdentifier>{9a9de645-212a-42b9-973c-c297b490dc9d}</UniqueIdentifier>
    </Filter>
    <Filter Include="源文件\操控设备">
      <UniqueIdentifier>{e7346957-54c1-4d2a-941b-194d7eb0d518}</UniqueIdentifier>
    </Filter>
    <Filter Include="源文件\回调函数定义">
      <UniqueIdentifier>{33fe6de6-3734-489e-8e15-7150bcd299d1}</UniqueIdentifier>
    </Filter>
    <Filter Include="源文件\连接设备">
      <UniqueIdentifier>{efc742fd-2e06-4328-9287-7510b3f1a180}</UniqueIdentifier>
    </Filter>
    <Filter Include="源文件\ITA">
      <UniqueIdentifier>{77d2a6f6-4366-42d6-893e-2eeb179390db}</UniqueIdentifier>
    </Filter>
  </ItemGroup>
  <ItemGroup>
    <ClInclude Include="SDK_TEST.h">
      <Filter>头文件</Filter>
    </ClInclude>
    <ClInclude Include="common.h">
      <Filter>头文件</Filter>
    </ClInclude>
  </ItemGroup>
  <ItemGroup>
    <ClCompile Include="RunAllTest.cpp">
      <Filter>源文件</Filter>
    </ClCompile>
    <ClCompile Include="FileName.cpp">
      <Filter>源文件\拍照</Filter>
    </ClCompile>
    <ClCompile Include="ITA_SDK.cpp">
      <Filter>源文件\ITA</Filter>
    </ClCompile>
    <ClCompile Include="NewSGP_SDK.cpp">
      <Filter>源文件\测温</Filter>
    </ClCompile>
    <ClCompile Include="01_ITA_GetTempMatrixInfo.cpp">
      <Filter>源文件\ITA</Filter>
    </ClCompile>
    <ClCompile Include="02_ITA_GetY16MatrixInfo.cpp">
      <Filter>源文件\ITA</Filter>
    </ClCompile>
    <ClCompile Include="common.cpp">
      <Filter>源文件\ITA</Filter>
    </ClCompile>
    <ClCompile Include="03_ITA_TempMatrixRotation.cpp">
      <Filter>源文件\ITA</Filter>
    </ClCompile>
    <ClCompile Include="04_ITA_TempMatrix2Rgb.cpp">
      <Filter>源文件\ITA</Filter>
    </ClCompile>
    <ClCompile Include="05_ITA_GetTempMatrixMaxMinT.cpp">
      <Filter>源文件\ITA</Filter>
    </ClCompile>
    <ClCompile Include="06_ITA_GetColorStripData.cpp">
      <Filter>源文件\ITA</Filter>
    </ClCompile>
    <ClCompile Include="07_ITA_GenerateHeapMapJpg.cpp">
      <Filter>源文件\ITA</Filter>
    </ClCompile>
    <ClCompile Include="08_Y16Set.cpp">
      <Filter>源文件\ITA</Filter>
    </ClCompile>
  </ItemGroup>
</Project>